// !$*UTF8*$!
{
	archiveVersion = 1;
	classes = {
	};
	objectVersion = 46;
	objects = {

/* Begin PBXBuildFile section */
		A406A696194B160C00B829AD /* ToDoList.m in Sources */ = {isa = PBXBuildFile; fileRef = A406A695194B160C00B829AD /* ToDoList.m */; };
		A406A699194B35D000B829AD /* ToDoItem.m in Sources */ = {isa = PBXBuildFile; fileRef = A406A698194B35D000B829AD /* ToDoItem.m */; };
		A45DDBD9194A163500090C77 /* main.m in Sources */ = {isa = PBXBuildFile; fileRef = A45DDBD8194A163500090C77 /* main.m */; };
		A45DDBDC194A163500090C77 /* AppDelegate.m in Sources */ = {isa = PBXBuildFile; fileRef = A45DDBDB194A163500090C77 /* AppDelegate.m */; };
		A45DDBDE194A163500090C77 /* Images.xcassets in Resources */ = {isa = PBXBuildFile; fileRef = A45DDBDD194A163500090C77 /* Images.xcassets */; };
		A45DDBEA194A163500090C77 /* ToDoList2Tests.m in Sources */ = {isa = PBXBuildFile; fileRef = A45DDBE9194A163500090C77 /* ToDoList2Tests.m */; };
		A4F04A4A194A9E0400A6721A /* Main.storyboard in Resources */ = {isa = PBXBuildFile; fileRef = A4F04A49194A9E0400A6721A /* Main.storyboard */; };
		A4F88DD9194B13EE00782AF7 /* AddToDoItem.m in Sources */ = {isa = PBXBuildFile; fileRef = A4F88DD8194B13EE00782AF7 /* AddToDoItem.m */; };
/* End PBXBuildFile section */

/* Begin PBXContainerItemProxy section */
		A45DDBE4194A163500090C77 /* PBXContainerItemProxy */ = {
			isa = PBXContainerItemProxy;
			containerPortal = A45DDBCB194A163500090C77 /* Project object */;
			proxyType = 1;
			remoteGlobalIDString = A45DDBD2194A163500090C77;
			remoteInfo = ToDoList2;
		};
/* End PBXContainerItemProxy section */

/* Begin PBXFileReference section */
		A406A694194B160C00B829AD /* ToDoList.h */ = {isa = PBXFileReference; fileEncoding = 4; lastKnownFileType = sourcecode.c.h; path = ToDoList.h; sourceTree = "<group>"; };
		A406A695194B160C00B829AD /* ToDoList.m */ = {isa = PBXFileReference; fileEncoding = 4; lastKnownFileType = sourcecode.c.objc; path = ToDoList.m; sourceTree = "<group>"; };
		A406A697194B35D000B829AD /* ToDoItem.h */ = {isa = PBXFileReference; fileEncoding = 4; lastKnownFileType = sourcecode.c.h; path = ToDoItem.h; sourceTree = "<group>"; };
		A406A698194B35D000B829AD /* ToDoItem.m */ = {isa = PBXFileReference; fileEncoding = 4; lastKnownFileType = sourcecode.c.objc; path = ToDoItem.m; sourceTree = "<group>"; };
		A45DDBD3194A163500090C77 /* ToDoList2.app */ = {isa = PBXFileReference; explicitFileType = wrapper.application; includeInIndex = 0; path = ToDoList2.app; sourceTree = BUILT_PRODUCTS_DIR; };
		A45DDBD7194A163500090C77 /* Info.plist */ = {isa = PBXFileReference; lastKnownFileType = text.plist.xml; path = Info.plist; sourceTree = "<group>"; };
		A45DDBD8194A163500090C77 /* main.m */ = {isa = PBXFileReference; lastKnownFileType = sourcecode.c.objc; path = main.m; sourceTree = "<group>"; };
		A45DDBDA194A163500090C77 /* AppDelegate.h */ = {isa = PBXFileReference; lastKnownFileType = sourcecode.c.h; path = AppDelegate.h; sourceTree = "<group>"; };
		A45DDBDB194A163500090C77 /* AppDelegate.m */ = {isa = PBXFileReference; lastKnownFileType = sourcecode.c.objc; path = AppDelegate.m; sourceTree = "<group>"; };
		A45DDBDD194A163500090C77 /* Images.xcassets */ = {isa = PBXFileReference; lastKnownFileType = folder.assetcatalog; path = Images.xcassets; sourceTree = "<group>"; };
		A45DDBE3194A163500090C77 /* ToDoList2Tests.xctest */ = {isa = PBXFileReference; explicitFileType = wrapper.cfbundle; includeInIndex = 0; path = ToDoList2Tests.xctest; sourceTree = BUILT_PRODUCTS_DIR; };
		A45DDBE8194A163500090C77 /* Info.plist */ = {isa = PBXFileReference; lastKnownFileType = text.plist.xml; path = Info.plist; sourceTree = "<group>"; };
		A45DDBE9194A163500090C77 /* ToDoList2Tests.m */ = {isa = PBXFileReference; lastKnownFileType = sourcecode.c.objc; path = ToDoList2Tests.m; sourceTree = "<group>"; };
		A4F04A49194A9E0400A6721A /* Main.storyboard */ = {isa = PBXFileReference; fileEncoding = 4; lastKnownFileType = file.storyboard; path = Main.storyboard; sourceTree = "<group>"; };
		A4F88DD7194B13EE00782AF7 /* AddToDoItem.h */ = {isa = PBXFileReference; fileEncoding = 4; lastKnownFileType = sourcecode.c.h; path = AddToDoItem.h; sourceTree = "<group>"; };
		A4F88DD8194B13EE00782AF7 /* AddToDoItem.m */ = {isa = PBXFileReference; fileEncoding = 4; lastKnownFileType = sourcecode.c.objc; path = AddToDoItem.m; sourceTree = "<group>"; };
/* End PBXFileReference section */

/* Begin PBXFrameworksBuildPhase section */
		A45DDBD0194A163500090C77 /* Frameworks */ = {
			isa = PBXFrameworksBuildPhase;
			buildActionMask = 2147483647;
			files = (
			);
			runOnlyForDeploymentPostprocessing = 0;
		};
		A45DDBE0194A163500090C77 /* Frameworks */ = {
			isa = PBXFrameworksBuildPhase;
			buildActionMask = 2147483647;
			files = (
			);
			runOnlyForDeploymentPostprocessing = 0;
		};
/* End PBXFrameworksBuildPhase section */

/* Begin PBXGroup section */
		A45DDBCA194A163500090C77 = {
			isa = PBXGroup;
			children = (
				A45DDBD5194A163500090C77 /* ToDoList2 */,
				A45DDBE6194A163500090C77 /* ToDoList2Tests */,
				A45DDBD4194A163500090C77 /* Products */,
			);
			sourceTree = "<group>";
		};
		A45DDBD4194A163500090C77 /* Products */ = {
			isa = PBXGroup;
			children = (
				A45DDBD3194A163500090C77 /* ToDoList2.app */,
				A45DDBE3194A163500090C77 /* ToDoList2Tests.xctest */,
			);
			name = Products;
			sourceTree = "<group>";
		};
		A45DDBD5194A163500090C77 /* ToDoList2 */ = {
			isa = PBXGroup;
			children = (
				A45DDBDA194A163500090C77 /* AppDelegate.h */,
				A45DDBDB194A163500090C77 /* AppDelegate.m */,
				A45DDBDD194A163500090C77 /* Images.xcassets */,
				A45DDBD6194A163500090C77 /* Supporting Files */,
				A4F04A49194A9E0400A6721A /* Main.storyboard */,
				A406A694194B160C00B829AD /* ToDoList.h */,
				A406A697194B35D000B829AD /* ToDoItem.h */,
				A406A698194B35D000B829AD /* ToDoItem.m */,
				A406A695194B160C00B829AD /* ToDoList.m */,
				A4F88DD7194B13EE00782AF7 /* AddToDoItem.h */,
				A4F88DD8194B13EE00782AF7 /* AddToDoItem.m */,
			);
			path = ToDoList2;
			sourceTree = "<group>";
		};
		A45DDBD6194A163500090C77 /* Supporting Files */ = {
			isa = PBXGroup;
			children = (
				A45DDBD7194A163500090C77 /* Info.plist */,
				A45DDBD8194A163500090C77 /* main.m */,
			);
			name = "Supporting Files";
			sourceTree = "<group>";
		};
		A45DDBE6194A163500090C77 /* ToDoList2Tests */ = {
			isa = PBXGroup;
			children = (
				A45DDBE9194A163500090C77 /* ToDoList2Tests.m */,
				A45DDBE7194A163500090C77 /* Supporting Files */,
			);
			path = ToDoList2Tests;
			sourceTree = "<group>";
		};
		A45DDBE7194A163500090C77 /* Supporting Files */ = {
			isa = PBXGroup;
			children = (
				A45DDBE8194A163500090C77 /* Info.plist */,
			);
			name = "Supporting Files";
			sourceTree = "<group>";
		};
/* End PBXGroup section */

/* Begin PBXNativeTarget section */
		A45DDBD2194A163500090C77 /* ToDoList2 */ = {
			isa = PBXNativeTarget;
			buildConfigurationList = A45DDBED194A163500090C77 /* Build configuration list for PBXNativeTarget "ToDoList2" */;
			buildPhases = (
				A45DDBCF194A163500090C77 /* Sources */,
				A45DDBD0194A163500090C77 /* Frameworks */,
				A45DDBD1194A163500090C77 /* Resources */,
			);
			buildRules = (
			);
			dependencies = (
			);
			name = ToDoList2;
			productName = ToDoList2;
			productReference = A45DDBD3194A163500090C77 /* ToDoList2.app */;
			productType = "com.apple.product-type.application";
		};
		A45DDBE2194A163500090C77 /* ToDoList2Tests */ = {
			isa = PBXNativeTarget;
			buildConfigurationList = A45DDBF0194A163500090C77 /* Build configuration list for PBXNativeTarget "ToDoList2Tests" */;
			buildPhases = (
				A45DDBDF194A163500090C77 /* Sources */,
				A45DDBE0194A163500090C77 /* Frameworks */,
				A45DDBE1194A163500090C77 /* Resources */,
			);
			buildRules = (
			);
			dependencies = (
				A45DDBE5194A163500090C77 /* PBXTargetDependency */,
			);
			name = ToDoList2Tests;
			productName = ToDoList2Tests;
			productReference = A45DDBE3194A163500090C77 /* ToDoList2Tests.xctest */;
			productType = "com.apple.product-type.bundle.unit-test";
		};
/* End PBXNativeTarget section */

/* Begin PBXProject section */
		A45DDBCB194A163500090C77 /* Project object */ = {
			isa = PBXProject;
			attributes = {
				LastUpgradeCheck = 0600;
				ORGANIZATIONNAME = Kul;
				TargetAttributes = {
					A45DDBD2194A163500090C77 = {
						CreatedOnToolsVersion = 6.0;
					};
					A45DDBE2194A163500090C77 = {
						CreatedOnToolsVersion = 6.0;
						TestTargetID = A45DDBD2194A163500090C77;
					};
				};
			};
			buildConfigurationList = A45DDBCE194A163500090C77 /* Build configuration list for PBXProject "ToDoList2" */;
			compatibilityVersion = "Xcode 3.2";
			developmentRegion = English;
			hasScannedForEncodings = 0;
			knownRegions = (
				en,
			);
			mainGroup = A45DDBCA194A163500090C77;
			productRefGroup = A45DDBD4194A163500090C77 /* Products */;
			projectDirPath = "";
			projectRoot = "";
			targets = (
				A45DDBD2194A163500090C77 /* ToDoList2 */,
				A45DDBE2194A163500090C77 /* ToDoList2Tests */,
			);
		};
/* End PBXProject section */

/* Begin PBXResourcesBuildPhase section */
		A45DDBD1194A163500090C77 /* Resources */ = {
			isa = PBXResourcesBuildPhase;
			buildActionMask = 2147483647;
			files = (
				A45DDBDE194A163500090C77 /* Images.xcassets in Resources */,
				A4F04A4A194A9E0400A6721A /* Main.storyboard in Resources */,
			);
			runOnlyForDeploymentPostprocessing = 0;
		};
		A45DDBE1194A163500090C77 /* Resources */ = {
			isa = PBXResourcesBuildPhase;
			buildActionMask = 2147483647;
			files = (
			);
			runOnlyForDeploymentPostprocessing = 0;
		};
/* End PBXResourcesBuildPhase section */

/* Begin PBXSourcesBuildPhase section */
		A45DDBCF194A163500090C77 /* Sources */ = {
			isa = PBXSourcesBuildPhase;
			buildActionMask = 2147483647;
			files = (
				A45DDBDC194A163500090C77 /* AppDelegate.m in Sources */,
				A406A699194B35D000B829AD /* ToDoItem.m in Sources */,
				A4F88DD9194B13EE00782AF7 /* AddToDoItem.m in Sources */,
				A45DDBD9194A163500090C77 /* main.m in Sources */,
				A406A696194B160C00B829AD /* ToDoList.m in Sources */,
			);
			runOnlyForDeploymentPostprocessing = 0;
		};
		A45DDBDF194A163500090C77 /* Sources */ = {
			isa = PBXSourcesBuildPhase;
			buildActionMask = 2147483647;
			files = (
				A45DDBEA194A163500090C77 /* ToDoList2Tests.m in Sources */,
			);
			runOnlyForDeploymentPostprocessing = 0;
		};
/* End PBXSourcesBuildPhase section */

/* Begin PBXTargetDependency section */
		A45DDBE5194A163500090C77 /* PBXTargetDependency */ = {
			isa = PBXTargetDependency;
			target = A45DDBD2194A163500090C77 /* ToDoList2 */;
			targetProxy = A45DDBE4194A163500090C77 /* PBXContainerItemProxy */;
		};
/* End PBXTargetDependency section */

/* Begin XCBuildConfiguration section */
		A45DDBEB194A163500090C77 /* Debug */ = {
			isa = XCBuildConfiguration;
			buildSettings = {
				ALWAYS_SEARCH_USER_PATHS = NO;
				CLANG_CXX_LANGUAGE_STANDARD = "gnu++0x";
				CLANG_CXX_LIBRARY = "libc++";
				CLANG_ENABLE_MODULES = YES;
				CLANG_ENABLE_OBJC_ARC = YES;
				CLANG_WARN_BOOL_CONVERSION = YES;
				CLANG_WARN_CONSTANT_CONVERSION = YES;
				CLANG_WARN_DIRECT_OBJC_ISA_USAGE = YES_ERROR;
				CLANG_WARN_EMPTY_BODY = YES;
				CLANG_WARN_ENUM_CONVERSION = YES;
				CLANG_WARN_INT_CONVERSION = YES;
				CLANG_WARN_OBJC_ROOT_CLASS = YES_ERROR;
				CLANG_WARN_UNREACHABLE_CODE = YES;
				CLANG_WARN__DUPLICATE_METHOD_MATCH = YES;
				"CODE_SIGN_IDENTITY[sdk=iphoneos*]" = "iPhone Developer";
				COPY_PHASE_STRIP = NO;
				ENABLE_STRICT_OBJC_MSGSEND = YES;
				GCC_C_LANGUAGE_STANDARD = gnu99;
				GCC_DYNAMIC_NO_PIC = NO;
				GCC_OPTIMIZATION_LEVEL = 0;
				GCC_PREPROCESSOR_DEFINITIONS = (
					"DEBUG=1",
					"$(inherited)",
				);
				GCC_SYMBOLS_PRIVATE_EXTERN = NO;
				GCC_WARN_64_TO_32_BIT_CONVERSION = YES;
				GCC_WARN_ABOUT_RETURN_TYPE = YES_ERROR;
				GCC_WARN_UNDECLARED_SELECTOR = YES;
				GCC_WARN_UNINITIALIZED_AUTOS = YES_AGGRESSIVE;
				GCC_WARN_UNUSED_FUNCTION = YES;
				GCC_WARN_UNUSED_VARIABLE = YES;
				IPHONEOS_DEPLOYMENT_TARGET = 8.0;
				METAL_ENABLE_DEBUG_INFO = YES;
				ONLY_ACTIVE_ARCH = YES;
				SDKROOT = iphoneos;
			};
			name = Debug;
		};
		A45DDBEC194A163500090C77 /* Release */ = {
			isa = XCBuildConfiguration;
			buildSettings = {
				ALWAYS_SEARCH_USER_PATHS = NO;
				CLANG_CXX_LANGUAGE_STANDARD = "gnu++0x";
				CLANG_CXX_LIBRARY = "libc++";
				CLANG_ENABLE_MODULES = YES;
				CLANG_ENABLE_OBJC_ARC = YES;
				CLANG_WARN_BOOL_CONVERSION = YES;
				CLANG_WARN_CONSTANT_CONVERSION = YES;
				CLANG_WARN_DIRECT_OBJC_ISA_USAGE = YES_ERROR;
				CLANG_WARN_EMPTY_BODY = YES;
				CLANG_WARN_ENUM_CONVERSION = YES;
				CLANG_WARN_INT_CONVERSION = YES;
				CLANG_WARN_OBJC_ROOT_CLASS = YES_ERROR;
				CLANG_WARN_UNREACHABLE_CODE = YES;
				CLANG_WARN__DUPLICATE_METHOD_MATCH = YES;
				"CODE_SIGN_IDENTITY[sdk=iphoneos*]" = "iPhone Developer";
				COPY_PHASE_STRIP = YES;
				ENABLE_NS_ASSERTIONS = NO;
				ENABLE_STRICT_OBJC_MSGSEND = YES;
				GCC_C_LANGUAGE_STANDARD = gnu99;
				GCC_WARN_64_TO_32_BIT_CONVERSION = YES;
				GCC_WARN_ABOUT_RETURN_TYPE = YES_ERROR;
				GCC_WARN_UNDECLARED_SELECTOR = YES;
				GCC_WARN_UNINITIALIZED_AUTOS = YES_AGGRESSIVE;
				GCC_WARN_UNUSED_FUNCTION = YES;
				GCC_WARN_UNUSED_VARIABLE = YES;
				IPHONEOS_DEPLOYMENT_TARGET = 8.0;
				METAL_ENABLE_DEBUG_INFO = NO;
				SDKROOT = iphoneos;
				VALIDATE_PRODUCT = YES;
			};
			name = Release;
		};
		A45DDBEE194A163500090C77 /* Debug */ = {
			isa = XCBuildConfiguration;
			buildSettings = {
				ASSETCATALOG_COMPILER_APPICON_NAME = AppIcon;
				ASSETCATALOG_COMPILER_LAUNCHIMAGE_NAME = LaunchImage;
				INFOPLIST_FILE = ToDoList2/Info.plist;
				LD_RUNPATH_SEARCH_PATHS = "$(inherited) @executable_path/Frameworks";
				PRODUCT_NAME = "$(TARGET_NAME)";
				TARGETED_DEVICE_FAMILY = 1;
			};
			name = Debug;
		};
		A45DDBEF194A163500090C77 /* Release */ = {
			isa = XCBuildConfiguration;
			buildSettings = {
				ASSETCATALOG_COMPILER_APPICON_NAME = AppIcon;
				ASSETCATALOG_COMPILER_LAUNCHIMAGE_NAME = LaunchImage;
				INFOPLIST_FILE = ToDoList2/Info.plist;
				LD_RUNPATH_SEARCH_PATHS = "$(inherited) @executable_path/Frameworks";
				PRODUCT_NAME = "$(TARGET_NAME)";
				TARGETED_DEVICE_FAMILY = 1;
			};
			name = Release;
		};
		A45DDBF1194A163500090C77 /* Debug */ = {
			isa = XCBuildConfiguration;
			buildSettings = {
				BUNDLE_LOADER = "$(BUILT_PRODUCTS_DIR)/ToDoList2.app/ToDoList2";
				FRAMEWORK_SEARCH_PATHS = (
					"$(SDKROOT)/Developer/Library/Frameworks",
					"$(inherited)",
				);
				GCC_PREPROCESSOR_DEFINITIONS = (
					"DEBUG=1",
					"$(inherited)",
				);
				INFOPLIST_FILE = ToDoList2Tests/Info.plist;
				LD_RUNPATH_SEARCH_PATHS = "$(inherited) @executable_path/Frameworks @loader_path/Frameworks";
				METAL_ENABLE_DEBUG_INFO = YES;
				PRODUCT_NAME = "$(TARGET_NAME)";
				TEST_HOST = "$(BUNDLE_LOADER)";
			};
			name = Debug;
		};
		A45DDBF2194A163500090C77 /* Release */ = {
			isa = XCBuildConfiguration;
			buildSettings = {
				BUNDLE_LOADER = "$(BUILT_PRODUCTS_DIR)/ToDoList2.app/ToDoList2";
				FRAMEWORK_SEARCH_PATHS = (
					"$(SDKROOT)/Developer/Library/Frameworks",
					"$(inherited)",
				);
				INFOPLIST_FILE = ToDoList2Tests/Info.plist;
				LD_RUNPATH_SEARCH_PATHS = "$(inherited) @executable_path/Frameworks @loader_path/Frameworks";
				METAL_ENABLE_DEBUG_INFO = NO;
				PRODUCT_NAME = "$(TARGET_NAME)";
				TEST_HOST = "$(BUNDLE_LOADER)";
			};
			name = Release;
		};
/* End XCBuildConfiguration section */

/* Begin XCConfigurationList section */
		A45DDBCE194A163500090C77 /* Build configuration list for PBXProject "ToDoList2" */ = {
			isa = XCConfigurationList;
			buildConfigurations = (
				A45DDBEB194A163500090C77 /* Debug */,
				A45DDBEC194A163500090C77 /* Release */,
			);
			defaultConfigurationIsVisible = 0;
			defaultConfigurationName = Release;
		};
		A45DDBED194A163500090C77 /* Build configuration list for PBXNativeTarget "ToDoList2" */ = {
			isa = XCConfigurationList;
			buildConfigurations = (
				A45DDBEE194A163500090C77 /* Debug */,
				A45DDBEF194A163500090C77 /* Release */,
			);
			defaultConfigurationIsVisible = 0;
			defaultConfigurationName = Release;
		};
		A45DDBF0194A163500090C77 /* Build configuration list for PBXNativeTarget "ToDoList2Tests" */ = {
			isa = XCConfigurationList;
			buildConfigurations = (
				A45DDBF1194A163500090C77 /* Debug */,
				A45DDBF2194A163500090C77 /* Release */,
			);
			defaultConfigurationIsVisible = 0;
			defaultConfigurationName = Release;
		};
/* End XCConfigurationList section */
	};
	rootObject = A45DDBCB194A163500090C77 /* Project object */;
}
